
Microsoft Visual Studio Solution File, Format Version 12.00
# Visual Studio Version 17
VisualStudioVersion = 17.4.33205.214
MinimumVisualStudioVersion = 10.0.40219.1
Project("{FAE04EC0-301F-11D3-BF4B-00C04F79EFBC}") = "01-ComandosCondicionais", "01-ComandosCondicionais\01-ComandosCondicionais.csproj", "{6827628E-7129-4A20-BF96-14BDF12FAC9D}"
EndProject
Project("{FAE04EC0-301F-11D3-BF4B-00C04F79EFBC}") = "02-ComandoRepeticao_While", "02-ComandoRepeticao_While\02-ComandoRepeticao_While.csproj", "{2EFE7926-9793-4856-8EC7-D8BB54D19BFC}"
EndProject
Project("{FAE04EC0-301F-11D3-BF4B-00C04F79EFBC}") = "Exe01", "Exe01\Exe01.csproj", "{C85D10AB-A9EB-4B47-AC4E-67E73D2F48E2}"
EndProject
Global
	GlobalSection(SolutionConfigurationPlatforms) = preSolution
		Debug|Any CPU = Debug|Any CPU
		Release|Any CPU = Release|Any CPU
	EndGlobalSection
	GlobalSection(ProjectConfigurationPlatforms) = postSolution
		{6827628E-7129-4A20-BF96-14BDF12FAC9D}.Debug|Any CPU.ActiveCfg = Debug|Any CPU
		{6827628E-7129-4A20-BF96-14BDF12FAC9D}.Debug|Any CPU.Build.0 = Debug|Any CPU
		{6827628E-7129-4A20-BF96-14BDF12FAC9D}.Release|Any CPU.ActiveCfg = Release|Any CPU
		{6827628E-7129-4A20-BF96-14BDF12FAC9D}.Release|Any CPU.Build.0 = Release|Any CPU
		{2EFE7926-9793-4856-8EC7-D8BB54D19BFC}.Debug|Any CPU.ActiveCfg = Debug|Any CPU
		{2EFE7926-9793-4856-8EC7-D8BB54D19BFC}.Debug|Any CPU.Build.0 = Debug|Any CPU
		{2EFE7926-9793-4856-8EC7-D8BB54D19BFC}.Release|Any CPU.ActiveCfg = Release|Any CPU
		{2EFE7926-9793-4856-8EC7-D8BB54D19BFC}.Release|Any CPU.Build.0 = Release|Any CPU
		{C85D10AB-A9EB-4B47-AC4E-67E73D2F48E2}.Debug|Any CPU.ActiveCfg = Debug|Any CPU
		{C85D10AB-A9EB-4B47-AC4E-67E73D2F48E2}.Debug|Any CPU.Build.0 = Debug|Any CPU
		{C85D10AB-A9EB-4B47-AC4E-67E73D2F48E2}.Release|Any CPU.ActiveCfg = Release|Any CPU
		{C85D10AB-A9EB-4B47-AC4E-67E73D2F48E2}.Release|Any CPU.Build.0 = Release|Any CPU
	EndGlobalSection
	GlobalSection(SolutionProperties) = preSolution
		HideSolutionNode = FALSE
	EndGlobalSection
	GlobalSection(ExtensibilityGlobals) = postSolution
		SolutionGuid = {1B4D3888-08A5-407A-B7E5-5BE8773BDF43}
	EndGlobalSection
EndGlobal
